
Microsoft Visual Studio Solution File, Format Version 12.00
# Visual Studio Version 16
VisualStudioVersion = 16.0.31613.86
MinimumVisualStudioVersion = 10.0.40219.1
Project("{FAE04EC0-301F-11D3-BF4B-00C04F79EFBC}") = "LibraryCatalogue", "LibraryCatalogue\LibraryCatalogue.csproj", "{881AF2D8-560A-4316-801B-0012A152B48D}"
EndProject
Global
	GlobalSection(SolutionConfigurationPlatforms) = preSolution
		Debug|Any CPU = Debug|Any CPU
		Release|Any CPU = Release|Any CPU
	EndGlobalSection
	GlobalSection(ProjectConfigurationPlatforms) = postSolution
		{881AF2D8-560A-4316-801B-0012A152B48D}.Debug|Any CPU.ActiveCfg = Debug|Any CPU
		{881AF2D8-560A-4316-801B-0012A152B48D}.Debug|Any CPU.Build.0 = Debug|Any CPU
		{881AF2D8-560A-4316-801B-0012A152B48D}.Release|Any CPU.ActiveCfg = Release|Any CPU
		{881AF2D8-560A-4316-801B-0012A152B48D}.Release|Any CPU.Build.0 = Release|Any CPU
	EndGlobalSection
	GlobalSection(SolutionProperties) = preSolution
		HideSolutionNode = FALSE
	EndGlobalSection
	GlobalSection(ExtensibilityGlobals) = postSolution
		SolutionGuid = {1C51C006-56B6-4049-922D-69151BCCB5E8}
	EndGlobalSection
EndGlobal
