
Microsoft Visual Studio Solution File, Format Version 12.00
# Visual Studio Version 16
VisualStudioVersion = 16.0.31613.86
MinimumVisualStudioVersion = 10.0.40219.1
Project("{FAE04EC0-301F-11D3-BF4B-00C04F79EFBC}") = "HotChocolate", "HotChocolate\HotChocolate.csproj", "{C3A34D8F-7558-4EDA-869D-79A8875906F6}"
EndProject
Global
	GlobalSection(SolutionConfigurationPlatforms) = preSolution
		Debug|Any CPU = Debug|Any CPU
		Release|Any CPU = Release|Any CPU
	EndGlobalSection
	GlobalSection(ProjectConfigurationPlatforms) = postSolution
		{C3A34D8F-7558-4EDA-869D-79A8875906F6}.Debug|Any CPU.ActiveCfg = Debug|Any CPU
		{C3A34D8F-7558-4EDA-869D-79A8875906F6}.Debug|Any CPU.Build.0 = Debug|Any CPU
		{C3A34D8F-7558-4EDA-869D-79A8875906F6}.Release|Any CPU.ActiveCfg = Release|Any CPU
		{C3A34D8F-7558-4EDA-869D-79A8875906F6}.Release|Any CPU.Build.0 = Release|Any CPU
	EndGlobalSection
	GlobalSection(SolutionProperties) = preSolution
		HideSolutionNode = FALSE
	EndGlobalSection
	GlobalSection(ExtensibilityGlobals) = postSolution
		SolutionGuid = {0F27109B-2E47-49BB-ABFF-2C245800CE78}
	EndGlobalSection
EndGlobal
