
Microsoft Visual Studio Solution File, Format Version 12.00
# Visual Studio Version 16
VisualStudioVersion = 16.0.31613.86
MinimumVisualStudioVersion = 10.0.40219.1
Project("{FAE04EC0-301F-11D3-BF4B-00C04F79EFBC}") = "Queuey", "Queuey\Queuey.csproj", "{490145E8-7FBE-4E2A-BB25-6870126A3104}"
EndProject
Global
	GlobalSection(SolutionConfigurationPlatforms) = preSolution
		Debug|Any CPU = Debug|Any CPU
		Release|Any CPU = Release|Any CPU
	EndGlobalSection
	GlobalSection(ProjectConfigurationPlatforms) = postSolution
		{490145E8-7FBE-4E2A-BB25-6870126A3104}.Debug|Any CPU.ActiveCfg = Debug|Any CPU
		{490145E8-7FBE-4E2A-BB25-6870126A3104}.Debug|Any CPU.Build.0 = Debug|Any CPU
		{490145E8-7FBE-4E2A-BB25-6870126A3104}.Release|Any CPU.ActiveCfg = Release|Any CPU
		{490145E8-7FBE-4E2A-BB25-6870126A3104}.Release|Any CPU.Build.0 = Release|Any CPU
	EndGlobalSection
	GlobalSection(SolutionProperties) = preSolution
		HideSolutionNode = FALSE
	EndGlobalSection
	GlobalSection(ExtensibilityGlobals) = postSolution
		SolutionGuid = {2B89A1B6-7729-4E3A-91E0-3C5C0F5AA7B4}
	EndGlobalSection
EndGlobal
